
Microsoft Visual Studio Solution File, Format Version 12.00
# Visual Studio Version 17
VisualStudioVersion = 17.0.32112.339
MinimumVisualStudioVersion = 10.0.40219.1
Project("{FAE04EC0-301F-11D3-BF4B-00C04F79EFBC}") = "WebProducts", "WebProducts\WebProducts.csproj", "{97F8C86F-89F6-4240-B4FC-9489BC19316E}"
EndProject
Global
	GlobalSection(SolutionConfigurationPlatforms) = preSolution
		Debug|Any CPU = Debug|Any CPU
		Release|Any CPU = Release|Any CPU
	EndGlobalSection
	GlobalSection(ProjectConfigurationPlatforms) = postSolution
		{97F8C86F-89F6-4240-B4FC-9489BC19316E}.Debug|Any CPU.ActiveCfg = Debug|Any CPU
		{97F8C86F-89F6-4240-B4FC-9489BC19316E}.Debug|Any CPU.Build.0 = Debug|Any CPU
		{97F8C86F-89F6-4240-B4FC-9489BC19316E}.Release|Any CPU.ActiveCfg = Release|Any CPU
		{97F8C86F-89F6-4240-B4FC-9489BC19316E}.Release|Any CPU.Build.0 = Release|Any CPU
	EndGlobalSection
	GlobalSection(SolutionProperties) = preSolution
		HideSolutionNode = FALSE
	EndGlobalSection
	GlobalSection(ExtensibilityGlobals) = postSolution
		SolutionGuid = {1B093C14-7A51-434E-9379-C0A686B4660E}
	EndGlobalSection
EndGlobal
